// !$*UTF8*$!
{
	archiveVersion = 1;
	classes = {
	};
	objectVersion = 55;
	objects = {

/* Begin PBXBuildFile section */
		51A7E7ED10121325199F450B /* Pods_RxSwift_Sample_RxSwift_SampleUITests.framework in Frameworks */ = {isa = PBXBuildFile; fileRef = DFE1751D3499D0A5BBFD5911 /* Pods_RxSwift_Sample_RxSwift_SampleUITests.framework */; };
		76CE063CFBEE84F68B0F24CE /* Pods_RxSwift_SampleTests.framework in Frameworks */ = {isa = PBXBuildFile; fileRef = FD2E2E1DB7E46842F4B36034 /* Pods_RxSwift_SampleTests.framework */; };
		9FCE8A8341F6D03E648BE3CC /* Pods_RxSwift_Sample.framework in Frameworks */ = {isa = PBXBuildFile; fileRef = 170AFF844A654574C96DB549 /* Pods_RxSwift_Sample.framework */; };
		CE80FFC628BB8AED004CEB6B /* AppDelegate.swift in Sources */ = {isa = PBXBuildFile; fileRef = CE80FFC528BB8AED004CEB6B /* AppDelegate.swift */; };
		CE80FFC828BB8AED004CEB6B /* SceneDelegate.swift in Sources */ = {isa = PBXBuildFile; fileRef = CE80FFC728BB8AED004CEB6B /* SceneDelegate.swift */; };
		CE80FFCA28BB8AED004CEB6B /* ViewController.swift in Sources */ = {isa = PBXBuildFile; fileRef = CE80FFC928BB8AED004CEB6B /* ViewController.swift */; };
		CE80FFCD28BB8AED004CEB6B /* Main.storyboard in Resources */ = {isa = PBXBuildFile; fileRef = CE80FFCB28BB8AED004CEB6B /* Main.storyboard */; };
		CE80FFCF28BB8AEE004CEB6B /* Assets.xcassets in Resources */ = {isa = PBXBuildFile; fileRef = CE80FFCE28BB8AEE004CEB6B /* Assets.xcassets */; };
		CE80FFD228BB8AEE004CEB6B /* LaunchScreen.storyboard in Resources */ = {isa = PBXBuildFile; fileRef = CE80FFD028BB8AEE004CEB6B /* LaunchScreen.storyboard */; };
		CE80FFDD28BB8AEF004CEB6B /* RxSwift_SampleTests.swift in Sources */ = {isa = PBXBuildFile; fileRef = CE80FFDC28BB8AEF004CEB6B /* RxSwift_SampleTests.swift */; };
		CE80FFE728BB8AEF004CEB6B /* RxSwift_SampleUITests.swift in Sources */ = {isa = PBXBuildFile; fileRef = CE80FFE628BB8AEF004CEB6B /* RxSwift_SampleUITests.swift */; };
		CE80FFE928BB8AEF004CEB6B /* RxSwift_SampleUITestsLaunchTests.swift in Sources */ = {isa = PBXBuildFile; fileRef = CE80FFE828BB8AEF004CEB6B /* RxSwift_SampleUITestsLaunchTests.swift */; };
/* End PBXBuildFile section */

/* Begin PBXContainerItemProxy section */
		CE80FFD928BB8AEF004CEB6B /* PBXContainerItemProxy */ = {
			isa = PBXContainerItemProxy;
			containerPortal = CE80FFBA28BB8AED004CEB6B /* Project object */;
			proxyType = 1;
			remoteGlobalIDString = CE80FFC128BB8AED004CEB6B;
			remoteInfo = "RxSwift Sample";
		};
		CE80FFE328BB8AEF004CEB6B /* PBXContainerItemProxy */ = {
			isa = PBXContainerItemProxy;
			containerPortal = CE80FFBA28BB8AED004CEB6B /* Project object */;
			proxyType = 1;
			remoteGlobalIDString = CE80FFC128BB8AED004CEB6B;
			remoteInfo = "RxSwift Sample";
		};
/* End PBXContainerItemProxy section */

/* Begin PBXFileReference section */
		170AFF844A654574C96DB549 /* Pods_RxSwift_Sample.framework */ = {isa = PBXFileReference; explicitFileType = wrapper.framework; includeInIndex = 0; path = Pods_RxSwift_Sample.framework; sourceTree = BUILT_PRODUCTS_DIR; };
		39FEFDF9BB68C13C9C844B3B /* Pods-RxSwift Sample.release.xcconfig */ = {isa = PBXFileReference; includeInIndex = 1; lastKnownFileType = text.xcconfig; name = "Pods-RxSwift Sample.release.xcconfig"; path = "Target Support Files/Pods-RxSwift Sample/Pods-RxSwift Sample.release.xcconfig"; sourceTree = "<group>"; };
		70515636ED8282F648480C85 /* Pods-RxSwift Sample.debug.xcconfig */ = {isa = PBXFileReference; includeInIndex = 1; lastKnownFileType = text.xcconfig; name = "Pods-RxSwift Sample.debug.xcconfig"; path = "Target Support Files/Pods-RxSwift Sample/Pods-RxSwift Sample.debug.xcconfig"; sourceTree = "<group>"; };
		8ED54E4D5B5145A4F5674A57 /* Pods-RxSwift SampleTests.release.xcconfig */ = {isa = PBXFileReference; includeInIndex = 1; lastKnownFileType = text.xcconfig; name = "Pods-RxSwift SampleTests.release.xcconfig"; path = "Target Support Files/Pods-RxSwift SampleTests/Pods-RxSwift SampleTests.release.xcconfig"; sourceTree = "<group>"; };
		9439831E65C648C1A13945CD /* Pods-RxSwift Sample-RxSwift SampleUITests.debug.xcconfig */ = {isa = PBXFileReference; includeInIndex = 1; lastKnownFileType = text.xcconfig; name = "Pods-RxSwift Sample-RxSwift SampleUITests.debug.xcconfig"; path = "Target Support Files/Pods-RxSwift Sample-RxSwift SampleUITests/Pods-RxSwift Sample-RxSwift SampleUITests.debug.xcconfig"; sourceTree = "<group>"; };
		9AF3E1389D0BFEAB0E445F08 /* Pods-RxSwift SampleTests.debug.xcconfig */ = {isa = PBXFileReference; includeInIndex = 1; lastKnownFileType = text.xcconfig; name = "Pods-RxSwift SampleTests.debug.xcconfig"; path = "Target Support Files/Pods-RxSwift SampleTests/Pods-RxSwift SampleTests.debug.xcconfig"; sourceTree = "<group>"; };
		CE80FFC228BB8AED004CEB6B /* RxSwift Sample.app */ = {isa = PBXFileReference; explicitFileType = wrapper.application; includeInIndex = 0; path = "RxSwift Sample.app"; sourceTree = BUILT_PRODUCTS_DIR; };
		CE80FFC528BB8AED004CEB6B /* AppDelegate.swift */ = {isa = PBXFileReference; lastKnownFileType = sourcecode.swift; path = AppDelegate.swift; sourceTree = "<group>"; };
		CE80FFC728BB8AED004CEB6B /* SceneDelegate.swift */ = {isa = PBXFileReference; lastKnownFileType = sourcecode.swift; path = SceneDelegate.swift; sourceTree = "<group>"; };
		CE80FFC928BB8AED004CEB6B /* ViewController.swift */ = {isa = PBXFileReference; lastKnownFileType = sourcecode.swift; path = ViewController.swift; sourceTree = "<group>"; };
		CE80FFCC28BB8AED004CEB6B /* Base */ = {isa = PBXFileReference; lastKnownFileType = file.storyboard; name = Base; path = Base.lproj/Main.storyboard; sourceTree = "<group>"; };
		CE80FFCE28BB8AEE004CEB6B /* Assets.xcassets */ = {isa = PBXFileReference; lastKnownFileType = folder.assetcatalog; path = Assets.xcassets; sourceTree = "<group>"; };
		CE80FFD128BB8AEE004CEB6B /* Base */ = {isa = PBXFileReference; lastKnownFileType = file.storyboard; name = Base; path = Base.lproj/LaunchScreen.storyboard; sourceTree = "<group>"; };
		CE80FFD328BB8AEF004CEB6B /* Info.plist */ = {isa = PBXFileReference; lastKnownFileType = text.plist.xml; path = Info.plist; sourceTree = "<group>"; };
		CE80FFD828BB8AEF004CEB6B /* RxSwift SampleTests.xctest */ = {isa = PBXFileReference; explicitFileType = wrapper.cfbundle; includeInIndex = 0; path = "RxSwift SampleTests.xctest"; sourceTree = BUILT_PRODUCTS_DIR; };
		CE80FFDC28BB8AEF004CEB6B /* RxSwift_SampleTests.swift */ = {isa = PBXFileReference; lastKnownFileType = sourcecode.swift; path = RxSwift_SampleTests.swift; sourceTree = "<group>"; };
		CE80FFE228BB8AEF004CEB6B /* RxSwift SampleUITests.xctest */ = {isa = PBXFileReference; explicitFileType = wrapper.cfbundle; includeInIndex = 0; path = "RxSwift SampleUITests.xctest"; sourceTree = BUILT_PRODUCTS_DIR; };
		CE80FFE628BB8AEF004CEB6B /* RxSwift_SampleUITests.swift */ = {isa = PBXFileReference; lastKnownFileType = sourcecode.swift; path = RxSwift_SampleUITests.swift; sourceTree = "<group>"; };
		CE80FFE828BB8AEF004CEB6B /* RxSwift_SampleUITestsLaunchTests.swift */ = {isa = PBXFileReference; lastKnownFileType = sourcecode.swift; path = RxSwift_SampleUITestsLaunchTests.swift; sourceTree = "<group>"; };
		DFE1751D3499D0A5BBFD5911 /* Pods_RxSwift_Sample_RxSwift_SampleUITests.framework */ = {isa = PBXFileReference; explicitFileType = wrapper.framework; includeInIndex = 0; path = Pods_RxSwift_Sample_RxSwift_SampleUITests.framework; sourceTree = BUILT_PRODUCTS_DIR; };
		F92B697527D2843D01FECDA9 /* Pods-RxSwift Sample-RxSwift SampleUITests.release.xcconfig */ = {isa = PBXFileReference; includeInIndex = 1; lastKnownFileType = text.xcconfig; name = "Pods-RxSwift Sample-RxSwift SampleUITests.release.xcconfig"; path = "Target Support Files/Pods-RxSwift Sample-RxSwift SampleUITests/Pods-RxSwift Sample-RxSwift SampleUITests.release.xcconfig"; sourceTree = "<group>"; };
		FD2E2E1DB7E46842F4B36034 /* Pods_RxSwift_SampleTests.framework */ = {isa = PBXFileReference; explicitFileType = wrapper.framework; includeInIndex = 0; path = Pods_RxSwift_SampleTests.framework; sourceTree = BUILT_PRODUCTS_DIR; };
/* End PBXFileReference section */

/* Begin PBXFrameworksBuildPhase section */
		CE80FFBF28BB8AED004CEB6B /* Frameworks */ = {
			isa = PBXFrameworksBuildPhase;
			buildActionMask = 2147483647;
			files = (
				9FCE8A8341F6D03E648BE3CC /* Pods_RxSwift_Sample.framework in Frameworks */,
			);
			runOnlyForDeploymentPostprocessing = 0;
		};
		CE80FFD528BB8AEF004CEB6B /* Frameworks */ = {
			isa = PBXFrameworksBuildPhase;
			buildActionMask = 2147483647;
			files = (
				76CE063CFBEE84F68B0F24CE /* Pods_RxSwift_SampleTests.framework in Frameworks */,
			);
			runOnlyForDeploymentPostprocessing = 0;
		};
		CE80FFDF28BB8AEF004CEB6B /* Frameworks */ = {
			isa = PBXFrameworksBuildPhase;
			buildActionMask = 2147483647;
			files = (
				51A7E7ED10121325199F450B /* Pods_RxSwift_Sample_RxSwift_SampleUITests.framework in Frameworks */,
			);
			runOnlyForDeploymentPostprocessing = 0;
		};
/* End PBXFrameworksBuildPhase section */

/* Begin PBXGroup section */
		66BFE7E5F0F3E29F7A0E9DC4 /* Pods */ = {
			isa = PBXGroup;
			children = (
				70515636ED8282F648480C85 /* Pods-RxSwift Sample.debug.xcconfig */,
				39FEFDF9BB68C13C9C844B3B /* Pods-RxSwift Sample.release.xcconfig */,
				9439831E65C648C1A13945CD /* Pods-RxSwift Sample-RxSwift SampleUITests.debug.xcconfig */,
				F92B697527D2843D01FECDA9 /* Pods-RxSwift Sample-RxSwift SampleUITests.release.xcconfig */,
				9AF3E1389D0BFEAB0E445F08 /* Pods-RxSwift SampleTests.debug.xcconfig */,
				8ED54E4D5B5145A4F5674A57 /* Pods-RxSwift SampleTests.release.xcconfig */,
			);
			name = Pods;
			path = Pods;
			sourceTree = "<group>";
		};
		A82404C18C0B87747DEFBDBE /* Frameworks */ = {
			isa = PBXGroup;
			children = (
				170AFF844A654574C96DB549 /* Pods_RxSwift_Sample.framework */,
				DFE1751D3499D0A5BBFD5911 /* Pods_RxSwift_Sample_RxSwift_SampleUITests.framework */,
				FD2E2E1DB7E46842F4B36034 /* Pods_RxSwift_SampleTests.framework */,
			);
			name = Frameworks;
			sourceTree = "<group>";
		};
		CE80FFB928BB8AED004CEB6B = {
			isa = PBXGroup;
			children = (
				CE80FFC428BB8AED004CEB6B /* RxSwift Sample */,
				CE80FFDB28BB8AEF004CEB6B /* RxSwift SampleTests */,
				CE80FFE528BB8AEF004CEB6B /* RxSwift SampleUITests */,
				CE80FFC328BB8AED004CEB6B /* Products */,
				66BFE7E5F0F3E29F7A0E9DC4 /* Pods */,
				A82404C18C0B87747DEFBDBE /* Frameworks */,
			);
			sourceTree = "<group>";
		};
		CE80FFC328BB8AED004CEB6B /* Products */ = {
			isa = PBXGroup;
			children = (
				CE80FFC228BB8AED004CEB6B /* RxSwift Sample.app */,
				CE80FFD828BB8AEF004CEB6B /* RxSwift SampleTests.xctest */,
				CE80FFE228BB8AEF004CEB6B /* RxSwift SampleUITests.xctest */,
			);
			name = Products;
			sourceTree = "<group>";
		};
		CE80FFC428BB8AED004CEB6B /* RxSwift Sample */ = {
			isa = PBXGroup;
			children = (
				CE80FFC528BB8AED004CEB6B /* AppDelegate.swift */,
				CE80FFC728BB8AED004CEB6B /* SceneDelegate.swift */,
				CE80FFC928BB8AED004CEB6B /* ViewController.swift */,
				CE80FFCB28BB8AED004CEB6B /* Main.storyboard */,
				CE80FFCE28BB8AEE004CEB6B /* Assets.xcassets */,
				CE80FFD028BB8AEE004CEB6B /* LaunchScreen.storyboard */,
				CE80FFD328BB8AEF004CEB6B /* Info.plist */,
			);
			path = "RxSwift Sample";
			sourceTree = "<group>";
		};
		CE80FFDB28BB8AEF004CEB6B /* RxSwift SampleTests */ = {
			isa = PBXGroup;
			children = (
				CE80FFDC28BB8AEF004CEB6B /* RxSwift_SampleTests.swift */,
			);
			path = "RxSwift SampleTests";
			sourceTree = "<group>";
		};
		CE80FFE528BB8AEF004CEB6B /* RxSwift SampleUITests */ = {
			isa = PBXGroup;
			children = (
				CE80FFE628BB8AEF004CEB6B /* RxSwift_SampleUITests.swift */,
				CE80FFE828BB8AEF004CEB6B /* RxSwift_SampleUITestsLaunchTests.swift */,
			);
			path = "RxSwift SampleUITests";
			sourceTree = "<group>";
		};
/* End PBXGroup section */

/* Begin PBXNativeTarget section */
		CE80FFC128BB8AED004CEB6B /* RxSwift Sample */ = {
			isa = PBXNativeTarget;
			buildConfigurationList = CE80FFEC28BB8AEF004CEB6B /* Build configuration list for PBXNativeTarget "RxSwift Sample" */;
			buildPhases = (
				78C88B25D33984E2581EAA3B /* [CP] Check Pods Manifest.lock */,
				CE80FFBE28BB8AED004CEB6B /* Sources */,
				CE80FFBF28BB8AED004CEB6B /* Frameworks */,
				CE80FFC028BB8AED004CEB6B /* Resources */,
				3B2AA1822C424B6574EBB645 /* [CP] Embed Pods Frameworks */,
			);
			buildRules = (
			);
			dependencies = (
			);
			name = "RxSwift Sample";
			productName = "RxSwift Sample";
			productReference = CE80FFC228BB8AED004CEB6B /* RxSwift Sample.app */;
			productType = "com.apple.product-type.application";
		};
		CE80FFD728BB8AEF004CEB6B /* RxSwift SampleTests */ = {
			isa = PBXNativeTarget;
			buildConfigurationList = CE80FFEF28BB8AEF004CEB6B /* Build configuration list for PBXNativeTarget "RxSwift SampleTests" */;
			buildPhases = (
				E221F0873BE3D3DB5A793178 /* [CP] Check Pods Manifest.lock */,
				CE80FFD428BB8AEF004CEB6B /* Sources */,
				CE80FFD528BB8AEF004CEB6B /* Frameworks */,
				CE80FFD628BB8AEF004CEB6B /* Resources */,
			);
			buildRules = (
			);
			dependencies = (
				CE80FFDA28BB8AEF004CEB6B /* PBXTargetDependency */,
			);
			name = "RxSwift SampleTests";
			productName = "RxSwift SampleTests";
			productReference = CE80FFD828BB8AEF004CEB6B /* RxSwift SampleTests.xctest */;
			productType = "com.apple.product-type.bundle.unit-test";
		};
		CE80FFE128BB8AEF004CEB6B /* RxSwift SampleUITests */ = {
			isa = PBXNativeTarget;
			buildConfigurationList = CE80FFF228BB8AEF004CEB6B /* Build configuration list for PBXNativeTarget "RxSwift SampleUITests" */;
			buildPhases = (
				E037DAB10FD8CAD385C065CA /* [CP] Check Pods Manifest.lock */,
				CE80FFDE28BB8AEF004CEB6B /* Sources */,
				CE80FFDF28BB8AEF004CEB6B /* Frameworks */,
				CE80FFE028BB8AEF004CEB6B /* Resources */,
				833124F32A09E1992E67EA7B /* [CP] Embed Pods Frameworks */,
			);
			buildRules = (
			);
			dependencies = (
				CE80FFE428BB8AEF004CEB6B /* PBXTargetDependency */,
			);
			name = "RxSwift SampleUITests";
			productName = "RxSwift SampleUITests";
			productReference = CE80FFE228BB8AEF004CEB6B /* RxSwift SampleUITests.xctest */;
			productType = "com.apple.product-type.bundle.ui-testing";
		};
/* End PBXNativeTarget section */

/* Begin PBXProject section */
		CE80FFBA28BB8AED004CEB6B /* Project object */ = {
			isa = PBXProject;
			attributes = {
				BuildIndependentTargetsInParallel = 1;
				LastSwiftUpdateCheck = 1340;
				LastUpgradeCheck = 1340;
				TargetAttributes = {
					CE80FFC128BB8AED004CEB6B = {
						CreatedOnToolsVersion = 13.4.1;
					};
					CE80FFD728BB8AEF004CEB6B = {
						CreatedOnToolsVersion = 13.4.1;
						TestTargetID = CE80FFC128BB8AED004CEB6B;
					};
					CE80FFE128BB8AEF004CEB6B = {
						CreatedOnToolsVersion = 13.4.1;
						TestTargetID = CE80FFC128BB8AED004CEB6B;
					};
				};
			};
			buildConfigurationList = CE80FFBD28BB8AED004CEB6B /* Build configuration list for PBXProject "RxSwift Sample" */;
			compatibilityVersion = "Xcode 13.0";
			developmentRegion = en;
			hasScannedForEncodings = 0;
			knownRegions = (
				en,
				Base,
			);
			mainGroup = CE80FFB928BB8AED004CEB6B;
			productRefGroup = CE80FFC328BB8AED004CEB6B /* Products */;
			projectDirPath = "";
			projectRoot = "";
			targets = (
				CE80FFC128BB8AED004CEB6B /* RxSwift Sample */,
				CE80FFD728BB8AEF004CEB6B /* RxSwift SampleTests */,
				CE80FFE128BB8AEF004CEB6B /* RxSwift SampleUITests */,
			);
		};
/* End PBXProject section */

/* Begin PBXResourcesBuildPhase section */
		CE80FFC028BB8AED004CEB6B /* Resources */ = {
			isa = PBXResourcesBuildPhase;
			buildActionMask = 2147483647;
			files = (
				CE80FFD228BB8AEE004CEB6B /* LaunchScreen.storyboard in Resources */,
				CE80FFCF28BB8AEE004CEB6B /* Assets.xcassets in Resources */,
				CE80FFCD28BB8AED004CEB6B /* Main.storyboard in Resources */,
			);
			runOnlyForDeploymentPostprocessing = 0;
		};
		CE80FFD628BB8AEF004CEB6B /* Resources */ = {
			isa = PBXResourcesBuildPhase;
			buildActionMask = 2147483647;
			files = (
			);
			runOnlyForDeploymentPostprocessing = 0;
		};
		CE80FFE028BB8AEF004CEB6B /* Resources */ = {
			isa = PBXResourcesBuildPhase;
			buildActionMask = 2147483647;
			files = (
			);
			runOnlyForDeploymentPostprocessing = 0;
		};
/* End PBXResourcesBuildPhase section */

/* Begin PBXShellScriptBuildPhase section */
		3B2AA1822C424B6574EBB645 /* [CP] Embed Pods Frameworks */ = {
			isa = PBXShellScriptBuildPhase;
			buildActionMask = 2147483647;
			files = (
			);
			inputFileListPaths = (
				"${PODS_ROOT}/Target Support Files/Pods-RxSwift Sample/Pods-RxSwift Sample-frameworks-${CONFIGURATION}-input-files.xcfilelist",
			);
			name = "[CP] Embed Pods Frameworks";
			outputFileListPaths = (
				"${PODS_ROOT}/Target Support Files/Pods-RxSwift Sample/Pods-RxSwift Sample-frameworks-${CONFIGURATION}-output-files.xcfilelist",
			);
			runOnlyForDeploymentPostprocessing = 0;
			shellPath = /bin/sh;
			shellScript = "\"${PODS_ROOT}/Target Support Files/Pods-RxSwift Sample/Pods-RxSwift Sample-frameworks.sh\"\n";
			showEnvVarsInLog = 0;
		};
		78C88B25D33984E2581EAA3B /* [CP] Check Pods Manifest.lock */ = {
			isa = PBXShellScriptBuildPhase;
			buildActionMask = 2147483647;
			files = (
			);
			inputFileListPaths = (
			);
			inputPaths = (
				"${PODS_PODFILE_DIR_PATH}/Podfile.lock",
				"${PODS_ROOT}/Manifest.lock",
			);
			name = "[CP] Check Pods Manifest.lock";
			outputFileListPaths = (
			);
			outputPaths = (
				"$(DERIVED_FILE_DIR)/Pods-RxSwift Sample-checkManifestLockResult.txt",
			);
			runOnlyForDeploymentPostprocessing = 0;
			shellPath = /bin/sh;
			shellScript = "diff \"${PODS_PODFILE_DIR_PATH}/Podfile.lock\" \"${PODS_ROOT}/Manifest.lock\" > /dev/null\nif [ $? != 0 ] ; then\n    # print error to STDERR\n    echo \"error: The sandbox is not in sync with the Podfile.lock. Run 'pod install' or update your CocoaPods installation.\" >&2\n    exit 1\nfi\n# This output is used by Xcode 'outputs' to avoid re-running this script phase.\necho \"SUCCESS\" > \"${SCRIPT_OUTPUT_FILE_0}\"\n";
			showEnvVarsInLog = 0;
		};
		833124F32A09E1992E67EA7B /* [CP] Embed Pods Frameworks */ = {
			isa = PBXShellScriptBuildPhase;
			buildActionMask = 2147483647;
			files = (
			);
			inputFileListPaths = (
				"${PODS_ROOT}/Target Support Files/Pods-RxSwift Sample-RxSwift SampleUITests/Pods-RxSwift Sample-RxSwift SampleUITests-frameworks-${CONFIGURATION}-input-files.xcfilelist",
			);
			name = "[CP] Embed Pods Frameworks";
			outputFileListPaths = (
				"${PODS_ROOT}/Target Support Files/Pods-RxSwift Sample-RxSwift SampleUITests/Pods-RxSwift Sample-RxSwift SampleUITests-frameworks-${CONFIGURATION}-output-files.xcfilelist",
			);
			runOnlyForDeploymentPostprocessing = 0;
			shellPath = /bin/sh;
			shellScript = "\"${PODS_ROOT}/Target Support Files/Pods-RxSwift Sample-RxSwift SampleUITests/Pods-RxSwift Sample-RxSwift SampleUITests-frameworks.sh\"\n";
			showEnvVarsInLog = 0;
		};
		E037DAB10FD8CAD385C065CA /* [CP] Check Pods Manifest.lock */ = {
			isa = PBXShellScriptBuildPhase;
			buildActionMask = 2147483647;
			files = (
			);
			inputFileListPaths = (
			);
			inputPaths = (
				"${PODS_PODFILE_DIR_PATH}/Podfile.lock",
				"${PODS_ROOT}/Manifest.lock",
			);
			name = "[CP] Check Pods Manifest.lock";
			outputFileListPaths = (
			);
			outputPaths = (
				"$(DERIVED_FILE_DIR)/Pods-RxSwift Sample-RxSwift SampleUITests-checkManifestLockResult.txt",
			);
			runOnlyForDeploymentPostprocessing = 0;
			shellPath = /bin/sh;
			shellScript = "diff \"${PODS_PODFILE_DIR_PATH}/Podfile.lock\" \"${PODS_ROOT}/Manifest.lock\" > /dev/null\nif [ $? != 0 ] ; then\n    # print error to STDERR\n    echo \"error: The sandbox is not in sync with the Podfile.lock. Run 'pod install' or update your CocoaPods installation.\" >&2\n    exit 1\nfi\n# This output is used by Xcode 'outputs' to avoid re-running this script phase.\necho \"SUCCESS\" > \"${SCRIPT_OUTPUT_FILE_0}\"\n";
			showEnvVarsInLog = 0;
		};
		E221F0873BE3D3DB5A793178 /* [CP] Check Pods Manifest.lock */ = {
			isa = PBXShellScriptBuildPhase;
			buildActionMask = 2147483647;
			files = (
			);
			inputFileListPaths = (
			);
			inputPaths = (
				"${PODS_PODFILE_DIR_PATH}/Podfile.lock",
				"${PODS_ROOT}/Manifest.lock",
			);
			name = "[CP] Check Pods Manifest.lock";
			outputFileListPaths = (
			);
			outputPaths = (
				"$(DERIVED_FILE_DIR)/Pods-RxSwift SampleTests-checkManifestLockResult.txt",
			);
			runOnlyForDeploymentPostprocessing = 0;
			shellPath = /bin/sh;
			shellScript = "diff \"${PODS_PODFILE_DIR_PATH}/Podfile.lock\" \"${PODS_ROOT}/Manifest.lock\" > /dev/null\nif [ $? != 0 ] ; then\n    # print error to STDERR\n    echo \"error: The sandbox is not in sync with the Podfile.lock. Run 'pod install' or update your CocoaPods installation.\" >&2\n    exit 1\nfi\n# This output is used by Xcode 'outputs' to avoid re-running this script phase.\necho \"SUCCESS\" > \"${SCRIPT_OUTPUT_FILE_0}\"\n";
			showEnvVarsInLog = 0;
		};
/* End PBXShellScriptBuildPhase section */

/* Begin PBXSourcesBuildPhase section */
		CE80FFBE28BB8AED004CEB6B /* Sources */ = {
			isa = PBXSourcesBuildPhase;
			buildActionMask = 2147483647;
			files = (
				CE80FFCA28BB8AED004CEB6B /* ViewController.swift in Sources */,
				CE80FFC628BB8AED004CEB6B /* AppDelegate.swift in Sources */,
				CE80FFC828BB8AED004CEB6B /* SceneDelegate.swift in Sources */,
			);
			runOnlyForDeploymentPostprocessing = 0;
		};
		CE80FFD428BB8AEF004CEB6B /* Sources */ = {
			isa = PBXSourcesBuildPhase;
			buildActionMask = 2147483647;
			files = (
				CE80FFDD28BB8AEF004CEB6B /* RxSwift_SampleTests.swift in Sources */,
			);
			runOnlyForDeploymentPostprocessing = 0;
		};
		CE80FFDE28BB8AEF004CEB6B /* Sources */ = {
			isa = PBXSourcesBuildPhase;
			buildActionMask = 2147483647;
			files = (
				CE80FFE928BB8AEF004CEB6B /* RxSwift_SampleUITestsLaunchTests.swift in Sources */,
				CE80FFE728BB8AEF004CEB6B /* RxSwift_SampleUITests.swift in Sources */,
			);
			runOnlyForDeploymentPostprocessing = 0;
		};
/* End PBXSourcesBuildPhase section */

/* Begin PBXTargetDependency section */
		CE80FFDA28BB8AEF004CEB6B /* PBXTargetDependency */ = {
			isa = PBXTargetDependency;
			target = CE80FFC128BB8AED004CEB6B /* RxSwift Sample */;
			targetProxy = CE80FFD928BB8AEF004CEB6B /* PBXContainerItemProxy */;
		};
		CE80FFE428BB8AEF004CEB6B /* PBXTargetDependency */ = {
			isa = PBXTargetDependency;
			target = CE80FFC128BB8AED004CEB6B /* RxSwift Sample */;
			targetProxy = CE80FFE328BB8AEF004CEB6B /* PBXContainerItemProxy */;
		};
/* End PBXTargetDependency section */

/* Begin PBXVariantGroup section */
		CE80FFCB28BB8AED004CEB6B /* Main.storyboard */ = {
			isa = PBXVariantGroup;
			children = (
				CE80FFCC28BB8AED004CEB6B /* Base */,
			);
			name = Main.storyboard;
			sourceTree = "<group>";
		};
		CE80FFD028BB8AEE004CEB6B /* LaunchScreen.storyboard */ = {
			isa = PBXVariantGroup;
			children = (
				CE80FFD128BB8AEE004CEB6B /* Base */,
			);
			name = LaunchScreen.storyboard;
			sourceTree = "<group>";
		};
/* End PBXVariantGroup section */

/* Begin XCBuildConfiguration section */
		CE80FFEA28BB8AEF004CEB6B /* Debug */ = {
			isa = XCBuildConfiguration;
			buildSettings = {
				ALWAYS_SEARCH_USER_PATHS = NO;
				CLANG_ANALYZER_NONNULL = YES;
				CLANG_ANALYZER_NUMBER_OBJECT_CONVERSION = YES_AGGRESSIVE;
				CLANG_CXX_LANGUAGE_STANDARD = "gnu++17";
				CLANG_ENABLE_MODULES = YES;
				CLANG_ENABLE_OBJC_ARC = YES;
				CLANG_ENABLE_OBJC_WEAK = YES;
				CLANG_WARN_BLOCK_CAPTURE_AUTORELEASING = YES;
				CLANG_WARN_BOOL_CONVERSION = YES;
				CLANG_WARN_COMMA = YES;
				CLANG_WARN_CONSTANT_CONVERSION = YES;
				CLANG_WARN_DEPRECATED_OBJC_IMPLEMENTATIONS = YES;
				CLANG_WARN_DIRECT_OBJC_ISA_USAGE = YES_ERROR;
				CLANG_WARN_DOCUMENTATION_COMMENTS = YES;
				CLANG_WARN_EMPTY_BODY = YES;
				CLANG_WARN_ENUM_CONVERSION = YES;
				CLANG_WARN_INFINITE_RECURSION = YES;
				CLANG_WARN_INT_CONVERSION = YES;
				CLANG_WARN_NON_LITERAL_NULL_CONVERSION = YES;
				CLANG_WARN_OBJC_IMPLICIT_RETAIN_SELF = YES;
				CLANG_WARN_OBJC_LITERAL_CONVERSION = YES;
				CLANG_WARN_OBJC_ROOT_CLASS = YES_ERROR;
				CLANG_WARN_QUOTED_INCLUDE_IN_FRAMEWORK_HEADER = YES;
				CLANG_WARN_RANGE_LOOP_ANALYSIS = YES;
				CLANG_WARN_STRICT_PROTOTYPES = YES;
				CLANG_WARN_SUSPICIOUS_MOVE = YES;
				CLANG_WARN_UNGUARDED_AVAILABILITY = YES_AGGRESSIVE;
				CLANG_WARN_UNREACHABLE_CODE = YES;
				CLANG_WARN__DUPLICATE_METHOD_MATCH = YES;
				COPY_PHASE_STRIP = NO;
				DEBUG_INFORMATION_FORMAT = dwarf;
				ENABLE_STRICT_OBJC_MSGSEND = YES;
				ENABLE_TESTABILITY = YES;
				GCC_C_LANGUAGE_STANDARD = gnu11;
				GCC_DYNAMIC_NO_PIC = NO;
				GCC_NO_COMMON_BLOCKS = YES;
				GCC_OPTIMIZATION_LEVEL = 0;
				GCC_PREPROCESSOR_DEFINITIONS = (
					"DEBUG=1",
					"$(inherited)",
				);
				GCC_WARN_64_TO_32_BIT_CONVERSION = YES;
				GCC_WARN_ABOUT_RETURN_TYPE = YES_ERROR;
				GCC_WARN_UNDECLARED_SELECTOR = YES;
				GCC_WARN_UNINITIALIZED_AUTOS = YES_AGGRESSIVE;
				GCC_WARN_UNUSED_FUNCTION = YES;
				GCC_WARN_UNUSED_VARIABLE = YES;
				IPHONEOS_DEPLOYMENT_TARGET = 15.5;
				MTL_ENABLE_DEBUG_INFO = INCLUDE_SOURCE;
				MTL_FAST_MATH = YES;
				ONLY_ACTIVE_ARCH = YES;
				SDKROOT = iphoneos;
				SWIFT_ACTIVE_COMPILATION_CONDITIONS = DEBUG;
				SWIFT_OPTIMIZATION_LEVEL = "-Onone";
			};
			name = Debug;
		};
		CE80FFEB28BB8AEF004CEB6B /* Release */ = {
			isa = XCBuildConfiguration;
			buildSettings = {
				ALWAYS_SEARCH_USER_PATHS = NO;
				CLANG_ANALYZER_NONNULL = YES;
				CLANG_ANALYZER_NUMBER_OBJECT_CONVERSION = YES_AGGRESSIVE;
				CLANG_CXX_LANGUAGE_STANDARD = "gnu++17";
				CLANG_ENABLE_MODULES = YES;
				CLANG_ENABLE_OBJC_ARC = YES;
				CLANG_ENABLE_OBJC_WEAK = YES;
				CLANG_WARN_BLOCK_CAPTURE_AUTORELEASING = YES;
				CLANG_WARN_BOOL_CONVERSION = YES;
				CLANG_WARN_COMMA = YES;
				CLANG_WARN_CONSTANT_CONVERSION = YES;
				CLANG_WARN_DEPRECATED_OBJC_IMPLEMENTATIONS = YES;
				CLANG_WARN_DIRECT_OBJC_ISA_USAGE = YES_ERROR;
				CLANG_WARN_DOCUMENTATION_COMMENTS = YES;
				CLANG_WARN_EMPTY_BODY = YES;
				CLANG_WARN_ENUM_CONVERSION = YES;
				CLANG_WARN_INFINITE_RECURSION = YES;
				CLANG_WARN_INT_CONVERSION = YES;
				CLANG_WARN_NON_LITERAL_NULL_CONVERSION = YES;
				CLANG_WARN_OBJC_IMPLICIT_RETAIN_SELF = YES;
				CLANG_WARN_OBJC_LITERAL_CONVERSION = YES;
				CLANG_WARN_OBJC_ROOT_CLASS = YES_ERROR;
				CLANG_WARN_QUOTED_INCLUDE_IN_FRAMEWORK_HEADER = YES;
				CLANG_WARN_RANGE_LOOP_ANALYSIS = YES;
				CLANG_WARN_STRICT_PROTOTYPES = YES;
				CLANG_WARN_SUSPICIOUS_MOVE = YES;
				CLANG_WARN_UNGUARDED_AVAILABILITY = YES_AGGRESSIVE;
				CLANG_WARN_UNREACHABLE_CODE = YES;
				CLANG_WARN__DUPLICATE_METHOD_MATCH = YES;
				COPY_PHASE_STRIP = NO;
				DEBUG_INFORMATION_FORMAT = "dwarf-with-dsym";
				ENABLE_NS_ASSERTIONS = NO;
				ENABLE_STRICT_OBJC_MSGSEND = YES;
				GCC_C_LANGUAGE_STANDARD = gnu11;
				GCC_NO_COMMON_BLOCKS = YES;
				GCC_WARN_64_TO_32_BIT_CONVERSION = YES;
				GCC_WARN_ABOUT_RETURN_TYPE = YES_ERROR;
				GCC_WARN_UNDECLARED_SELECTOR = YES;
				GCC_WARN_UNINITIALIZED_AUTOS = YES_AGGRESSIVE;
				GCC_WARN_UNUSED_FUNCTION = YES;
				GCC_WARN_UNUSED_VARIABLE = YES;
				IPHONEOS_DEPLOYMENT_TARGET = 15.5;
				MTL_ENABLE_DEBUG_INFO = NO;
				MTL_FAST_MATH = YES;
				SDKROOT = iphoneos;
				SWIFT_COMPILATION_MODE = wholemodule;
				SWIFT_OPTIMIZATION_LEVEL = "-O";
				VALIDATE_PRODUCT = YES;
			};
			name = Release;
		};
		CE80FFED28BB8AEF004CEB6B /* Debug */ = {
			isa = XCBuildConfiguration;
			baseConfigurationReference = 70515636ED8282F648480C85 /* Pods-RxSwift Sample.debug.xcconfig */;
			buildSettings = {
				ASSETCATALOG_COMPILER_APPICON_NAME = AppIcon;
				ASSETCATALOG_COMPILER_GLOBAL_ACCENT_COLOR_NAME = AccentColor;
				CODE_SIGN_STYLE = Automatic;
				CURRENT_PROJECT_VERSION = 1;
				DEVELOPMENT_TEAM = 2KB84KZYV6;
				GENERATE_INFOPLIST_FILE = YES;
				INFOPLIST_FILE = "RxSwift Sample/Info.plist";
				INFOPLIST_KEY_UIApplicationSupportsIndirectInputEvents = YES;
				INFOPLIST_KEY_UILaunchStoryboardName = LaunchScreen;
				INFOPLIST_KEY_UIMainStoryboardFile = Main;
				INFOPLIST_KEY_UISupportedInterfaceOrientations_iPad = "UIInterfaceOrientationPortrait UIInterfaceOrientationPortraitUpsideDown UIInterfaceOrientationLandscapeLeft UIInterfaceOrientationLandscapeRight";
				INFOPLIST_KEY_UISupportedInterfaceOrientations_iPhone = "UIInterfaceOrientationPortrait UIInterfaceOrientationLandscapeLeft UIInterfaceOrientationLandscapeRight";
				LD_RUNPATH_SEARCH_PATHS = (
					"$(inherited)",
					"@executable_path/Frameworks",
				);
				MARKETING_VERSION = 1.0;
				PRODUCT_BUNDLE_IDENTIFIER = "user.RxSwift-Sample";
				PRODUCT_NAME = "$(TARGET_NAME)";
				SWIFT_EMIT_LOC_STRINGS = YES;
				SWIFT_VERSION = 5.0;
				TARGETED_DEVICE_FAMILY = "1,2";
			};
			name = Debug;
		};
		CE80FFEE28BB8AEF004CEB6B /* Release */ = {
			isa = XCBuildConfiguration;
			baseConfigurationReference = 39FEFDF9BB68C13C9C844B3B /* Pods-RxSwift Sample.release.xcconfig */;
			buildSettings = {
				ASSETCATALOG_COMPILER_APPICON_NAME = AppIcon;
				ASSETCATALOG_COMPILER_GLOBAL_ACCENT_COLOR_NAME = AccentColor;
				CODE_SIGN_STYLE = Automatic;
				CURRENT_PROJECT_VERSION = 1;
				DEVELOPMENT_TEAM = 2KB84KZYV6;
				GENERATE_INFOPLIST_FILE = YES;
				INFOPLIST_FILE = "RxSwift Sample/Info.plist";
				INFOPLIST_KEY_UIApplicationSupportsIndirectInputEvents = YES;
				INFOPLIST_KEY_UILaunchStoryboardName = LaunchScreen;
				INFOPLIST_KEY_UIMainStoryboardFile = Main;
				INFOPLIST_KEY_UISupportedInterfaceOrientations_iPad = "UIInterfaceOrientationPortrait UIInterfaceOrientationPortraitUpsideDown UIInterfaceOrientationLandscapeLeft UIInterfaceOrientationLandscapeRight";
				INFOPLIST_KEY_UISupportedInterfaceOrientations_iPhone = "UIInterfaceOrientationPortrait UIInterfaceOrientationLandscapeLeft UIInterfaceOrientationLandscapeRight";
				LD_RUNPATH_SEARCH_PATHS = (
					"$(inherited)",
					"@executable_path/Frameworks",
				);
				MARKETING_VERSION = 1.0;
				PRODUCT_BUNDLE_IDENTIFIER = "user.RxSwift-Sample";
				PRODUCT_NAME = "$(TARGET_NAME)";
				SWIFT_EMIT_LOC_STRINGS = YES;
				SWIFT_VERSION = 5.0;
				TARGETED_DEVICE_FAMILY = "1,2";
			};
			name = Release;
		};
		CE80FFF028BB8AEF004CEB6B /* Debug */ = {
			isa = XCBuildConfiguration;
			baseConfigurationReference = 9AF3E1389D0BFEAB0E445F08 /* Pods-RxSwift SampleTests.debug.xcconfig */;
			buildSettings = {
				ALWAYS_EMBED_SWIFT_STANDARD_LIBRARIES = YES;
				BUNDLE_LOADER = "$(TEST_HOST)";
				CODE_SIGN_STYLE = Automatic;
				CURRENT_PROJECT_VERSION = 1;
				DEVELOPMENT_TEAM = 2KB84KZYV6;
				GENERATE_INFOPLIST_FILE = YES;
				IPHONEOS_DEPLOYMENT_TARGET = 15.5;
				MARKETING_VERSION = 1.0;
				PRODUCT_BUNDLE_IDENTIFIER = "user.RxSwift-SampleTests";
				PRODUCT_NAME = "$(TARGET_NAME)";
				SWIFT_EMIT_LOC_STRINGS = NO;
				SWIFT_VERSION = 5.0;
				TARGETED_DEVICE_FAMILY = "1,2";
				TEST_HOST = "$(BUILT_PRODUCTS_DIR)/RxSwift Sample.app/RxSwift Sample";
			};
			name = Debug;
		};
		CE80FFF128BB8AEF004CEB6B /* Release */ = {
			isa = XCBuildConfiguration;
			baseConfigurationReference = 8ED54E4D5B5145A4F5674A57 /* Pods-RxSwift SampleTests.release.xcconfig */;
			buildSettings = {
				ALWAYS_EMBED_SWIFT_STANDARD_LIBRARIES = YES;
				BUNDLE_LOADER = "$(TEST_HOST)";
				CODE_SIGN_STYLE = Automatic;
				CURRENT_PROJECT_VERSION = 1;
				DEVELOPMENT_TEAM = 2KB84KZYV6;
				GENERATE_INFOPLIST_FILE = YES;
				IPHONEOS_DEPLOYMENT_TARGET = 15.5;
				MARKETING_VERSION = 1.0;
				PRODUCT_BUNDLE_IDENTIFIER = "user.RxSwift-SampleTests";
				PRODUCT_NAME = "$(TARGET_NAME)";
				SWIFT_EMIT_LOC_STRINGS = NO;
				SWIFT_VERSION = 5.0;
				TARGETED_DEVICE_FAMILY = "1,2";
				TEST_HOST = "$(BUILT_PRODUCTS_DIR)/RxSwift Sample.app/RxSwift Sample";
			};
			name = Release;
		};
		CE80FFF328BB8AEF004CEB6B /* Debug */ = {
			isa = XCBuildConfiguration;
			baseConfigurationReference = 9439831E65C648C1A13945CD /* Pods-RxSwift Sample-RxSwift SampleUITests.debug.xcconfig */;
			buildSettings = {
				ALWAYS_EMBED_SWIFT_STANDARD_LIBRARIES = YES;
				CODE_SIGN_STYLE = Automatic;
				CURRENT_PROJECT_VERSION = 1;
				DEVELOPMENT_TEAM = 2KB84KZYV6;
				GENERATE_INFOPLIST_FILE = YES;
				MARKETING_VERSION = 1.0;
				PRODUCT_BUNDLE_IDENTIFIER = "user.RxSwift-SampleUITests";
				PRODUCT_NAME = "$(TARGET_NAME)";
				SWIFT_EMIT_LOC_STRINGS = NO;
				SWIFT_VERSION = 5.0;
				TARGETED_DEVICE_FAMILY = "1,2";
				TEST_TARGET_NAME = "RxSwift Sample";
			};
			name = Debug;
		};
		CE80FFF428BB8AEF004CEB6B /* Release */ = {
			isa = XCBuildConfiguration;
			baseConfigurationReference = F92B697527D2843D01FECDA9 /* Pods-RxSwift Sample-RxSwift SampleUITests.release.xcconfig */;
			buildSettings = {
				ALWAYS_EMBED_SWIFT_STANDARD_LIBRARIES = YES;
				CODE_SIGN_STYLE = Automatic;
				CURRENT_PROJECT_VERSION = 1;
				DEVELOPMENT_TEAM = 2KB84KZYV6;
				GENERATE_INFOPLIST_FILE = YES;
				MARKETING_VERSION = 1.0;
				PRODUCT_BUNDLE_IDENTIFIER = "user.RxSwift-SampleUITests";
				PRODUCT_NAME = "$(TARGET_NAME)";
				SWIFT_EMIT_LOC_STRINGS = NO;
				SWIFT_VERSION = 5.0;
				TARGETED_DEVICE_FAMILY = "1,2";
				TEST_TARGET_NAME = "RxSwift Sample";
			};
			name = Release;
		};
/* End XCBuildConfiguration section */

/* Begin XCConfigurationList section */
		CE80FFBD28BB8AED004CEB6B /* Build configuration list for PBXProject "RxSwift Sample" */ = {
			isa = XCConfigurationList;
			buildConfigurations = (
				CE80FFEA28BB8AEF004CEB6B /* Debug */,
				CE80FFEB28BB8AEF004CEB6B /* Release */,
			);
			defaultConfigurationIsVisible = 0;
			defaultConfigurationName = Release;
		};
		CE80FFEC28BB8AEF004CEB6B /* Build configuration list for PBXNativeTarget "RxSwift Sample" */ = {
			isa = XCConfigurationList;
			buildConfigurations = (
				CE80FFED28BB8AEF004CEB6B /* Debug */,
				CE80FFEE28BB8AEF004CEB6B /* Release */,
			);
			defaultConfigurationIsVisible = 0;
			defaultConfigurationName = Release;
		};
		CE80FFEF28BB8AEF004CEB6B /* Build configuration list for PBXNativeTarget "RxSwift SampleTests" */ = {
			isa = XCConfigurationList;
			buildConfigurations = (
				CE80FFF028BB8AEF004CEB6B /* Debug */,
				CE80FFF128BB8AEF004CEB6B /* Release */,
			);
			defaultConfigurationIsVisible = 0;
			defaultConfigurationName = Release;
		};
		CE80FFF228BB8AEF004CEB6B /* Build configuration list for PBXNativeTarget "RxSwift SampleUITests" */ = {
			isa = XCConfigurationList;
			buildConfigurations = (
				CE80FFF328BB8AEF004CEB6B /* Debug */,
				CE80FFF428BB8AEF004CEB6B /* Release */,
			);
			defaultConfigurationIsVisible = 0;
			defaultConfigurationName = Release;
		};
/* End XCConfigurationList section */
	};
	rootObject = CE80FFBA28BB8AED004CEB6B /* Project object */;
}
